
Microsoft Visual Studio Solution File, Format Version 12.00
# Visual Studio Version 16
VisualStudioVersion = 16.0.29519.181
MinimumVisualStudioVersion = 10.0.40219.1
Project("{FAE04EC0-301F-11D3-BF4B-00C04F79EFBC}") = "Builder2", "Builder2\Builder2.csproj", "{24AF1373-0E9C-4512-8FA5-05AB113DEBCD}"
EndProject
Global
	GlobalSection(SolutionConfigurationPlatforms) = preSolution
		Debug|Any CPU = Debug|Any CPU
		Release|Any CPU = Release|Any CPU
	EndGlobalSection
	GlobalSection(ProjectConfigurationPlatforms) = postSolution
		{24AF1373-0E9C-4512-8FA5-05AB113DEBCD}.Debug|Any CPU.ActiveCfg = Debug|Any CPU
		{24AF1373-0E9C-4512-8FA5-05AB113DEBCD}.Debug|Any CPU.Build.0 = Debug|Any CPU
		{24AF1373-0E9C-4512-8FA5-05AB113DEBCD}.Release|Any CPU.ActiveCfg = Release|Any CPU
		{24AF1373-0E9C-4512-8FA5-05AB113DEBCD}.Release|Any CPU.Build.0 = Release|Any CPU
	EndGlobalSection
	GlobalSection(SolutionProperties) = preSolution
		HideSolutionNode = FALSE
	EndGlobalSection
	GlobalSection(ExtensibilityGlobals) = postSolution
		SolutionGuid = {1CA7BCD5-C068-47B8-B413-BEC2A0FD9A43}
	EndGlobalSection
EndGlobal
